
Microsoft Visual Studio Solution File, Format Version 12.00
# Visual Studio 14
VisualStudioVersion = 14.0.25123.0
MinimumVisualStudioVersion = 10.0.40219.1
Project("{8BC9CEB8-8B4A-11D0-8D11-00A0C91BC942}") = "Graphics", "Graphics.vcxproj", "{AF1B9F5E-59BE-490C-B63B-9F115C572918}"
EndProject
Project("{8BC9CEB8-8B4A-11D0-8D11-00A0C91BC942}") = "01-HelloTriangle", "tests\01-HelloTriangle\01-HelloTriangle.vcxproj", "{658B2FA8-2F94-4A39-83F3-3E7D24655A4D}"
	ProjectSection(ProjectDependencies) = postProject
		{AF1B9F5E-59BE-490C-B63B-9F115C572918} = {AF1B9F5E-59BE-490C-B63B-9F115C572918}
	EndProjectSection
EndProject
Project("{8BC9CEB8-8B4A-11D0-8D11-00A0C91BC942}") = "02-UniTex", "tests\02-UniTex\02-UniTex.vcxproj", "{AFB01446-DF32-41D4-8DDB-2604E8B24E07}"
	ProjectSection(ProjectDependencies) = postProject
		{AF1B9F5E-59BE-490C-B63B-9F115C572918} = {AF1B9F5E-59BE-490C-B63B-9F115C572918}
	EndProjectSection
EndProject
Project("{8BC9CEB8-8B4A-11D0-8D11-00A0C91BC942}") = "03-tdraw", "tests\03-tdraw\03-tdraw.vcxproj", "{586243E8-6CEC-4302-A137-EC18FC9A6205}"
	ProjectSection(ProjectDependencies) = postProject
		{AF1B9F5E-59BE-490C-B63B-9F115C572918} = {AF1B9F5E-59BE-490C-B63B-9F115C572918}
	EndProjectSection
EndProject
Project("{8BC9CEB8-8B4A-11D0-8D11-00A0C91BC942}") = "04-FromDisk", "tests\04-FromDisk\04-FromDisk.vcxproj", "{A075CE70-8F35-4E59-BC7B-C17BFC144905}"
	ProjectSection(ProjectDependencies) = postProject
		{AF1B9F5E-59BE-490C-B63B-9F115C572918} = {AF1B9F5E-59BE-490C-B63B-9F115C572918}
	EndProjectSection
EndProject
Project("{8BC9CEB8-8B4A-11D0-8D11-00A0C91BC942}") = "shaders", "resources\shaders\shaders.vcxproj", "{A24895D3-FBFB-4EF4-8E12-A066FC3F69E4}"
EndProject
Project("{8BC9CEB8-8B4A-11D0-8D11-00A0C91BC942}") = "05-MVP", "tests\05-MVP\05-MVP.vcxproj", "{972E72CC-6B16-495B-9B07-C063F25B99F4}"
EndProject
Project("{8BC9CEB8-8B4A-11D0-8D11-00A0C91BC942}") = "06-Lights", "tests\06-Lights\06-Lights.vcxproj", "{F5D1DA2E-6D67-4DB8-813C-88FBE213B8A4}"
EndProject
Project("{8BC9CEB8-8B4A-11D0-8D11-00A0C91BC942}") = "07-Materials", "tests\07-Materials\07-Materials.vcxproj", "{506F244D-60E2-4867-B272-5646BD1BB8A7}"
	ProjectSection(ProjectDependencies) = postProject
		{AF1B9F5E-59BE-490C-B63B-9F115C572918} = {AF1B9F5E-59BE-490C-B63B-9F115C572918}
	EndProjectSection
EndProject
Project("{8BC9CEB8-8B4A-11D0-8D11-00A0C91BC942}") = "09-Shadows", "tests\09-Shadows\09-Shadows.vcxproj", "{4C0DCF7A-9C18-4542-920D-3271FEE54A8E}"
EndProject
Global
	GlobalSection(SolutionConfigurationPlatforms) = preSolution
		Debug|x64 = Debug|x64
		Debug|x86 = Debug|x86
		Release|x64 = Release|x64
		Release|x86 = Release|x86
	EndGlobalSection
	GlobalSection(ProjectConfigurationPlatforms) = postSolution
		{AF1B9F5E-59BE-490C-B63B-9F115C572918}.Debug|x64.ActiveCfg = Debug|x64
		{AF1B9F5E-59BE-490C-B63B-9F115C572918}.Debug|x64.Build.0 = Debug|x64
		{AF1B9F5E-59BE-490C-B63B-9F115C572918}.Debug|x86.ActiveCfg = Debug|Win32
		{AF1B9F5E-59BE-490C-B63B-9F115C572918}.Debug|x86.Build.0 = Debug|Win32
		{AF1B9F5E-59BE-490C-B63B-9F115C572918}.Release|x64.ActiveCfg = Release|x64
		{AF1B9F5E-59BE-490C-B63B-9F115C572918}.Release|x64.Build.0 = Release|x64
		{AF1B9F5E-59BE-490C-B63B-9F115C572918}.Release|x86.ActiveCfg = Release|Win32
		{AF1B9F5E-59BE-490C-B63B-9F115C572918}.Release|x86.Build.0 = Release|Win32
		{658B2FA8-2F94-4A39-83F3-3E7D24655A4D}.Debug|x64.ActiveCfg = Debug|x64
		{658B2FA8-2F94-4A39-83F3-3E7D24655A4D}.Debug|x64.Build.0 = Debug|x64
		{658B2FA8-2F94-4A39-83F3-3E7D24655A4D}.Debug|x86.ActiveCfg = Debug|Win32
		{658B2FA8-2F94-4A39-83F3-3E7D24655A4D}.Debug|x86.Build.0 = Debug|Win32
		{658B2FA8-2F94-4A39-83F3-3E7D24655A4D}.Release|x64.ActiveCfg = Release|x64
		{658B2FA8-2F94-4A39-83F3-3E7D24655A4D}.Release|x64.Build.0 = Release|x64
		{658B2FA8-2F94-4A39-83F3-3E7D24655A4D}.Release|x86.ActiveCfg = Release|Win32
		{658B2FA8-2F94-4A39-83F3-3E7D24655A4D}.Release|x86.Build.0 = Release|Win32
		{AFB01446-DF32-41D4-8DDB-2604E8B24E07}.Debug|x64.ActiveCfg = Debug|x64
		{AFB01446-DF32-41D4-8DDB-2604E8B24E07}.Debug|x64.Build.0 = Debug|x64
		{AFB01446-DF32-41D4-8DDB-2604E8B24E07}.Debug|x86.ActiveCfg = Debug|Win32
		{AFB01446-DF32-41D4-8DDB-2604E8B24E07}.Debug|x86.Build.0 = Debug|Win32
		{AFB01446-DF32-41D4-8DDB-2604E8B24E07}.Release|x64.ActiveCfg = Release|x64
		{AFB01446-DF32-41D4-8DDB-2604E8B24E07}.Release|x64.Build.0 = Release|x64
		{AFB01446-DF32-41D4-8DDB-2604E8B24E07}.Release|x86.ActiveCfg = Release|Win32
		{AFB01446-DF32-41D4-8DDB-2604E8B24E07}.Release|x86.Build.0 = Release|Win32
		{586243E8-6CEC-4302-A137-EC18FC9A6205}.Debug|x64.ActiveCfg = Debug|x64
		{586243E8-6CEC-4302-A137-EC18FC9A6205}.Debug|x64.Build.0 = Debug|x64
		{586243E8-6CEC-4302-A137-EC18FC9A6205}.Debug|x86.ActiveCfg = Debug|Win32
		{586243E8-6CEC-4302-A137-EC18FC9A6205}.Debug|x86.Build.0 = Debug|Win32
		{586243E8-6CEC-4302-A137-EC18FC9A6205}.Release|x64.ActiveCfg = Release|x64
		{586243E8-6CEC-4302-A137-EC18FC9A6205}.Release|x64.Build.0 = Release|x64
		{586243E8-6CEC-4302-A137-EC18FC9A6205}.Release|x86.ActiveCfg = Release|Win32
		{586243E8-6CEC-4302-A137-EC18FC9A6205}.Release|x86.Build.0 = Release|Win32
		{A075CE70-8F35-4E59-BC7B-C17BFC144905}.Debug|x64.ActiveCfg = Debug|x64
		{A075CE70-8F35-4E59-BC7B-C17BFC144905}.Debug|x64.Build.0 = Debug|x64
		{A075CE70-8F35-4E59-BC7B-C17BFC144905}.Debug|x86.ActiveCfg = Debug|Win32
		{A075CE70-8F35-4E59-BC7B-C17BFC144905}.Debug|x86.Build.0 = Debug|Win32
		{A075CE70-8F35-4E59-BC7B-C17BFC144905}.Release|x64.ActiveCfg = Release|x64
		{A075CE70-8F35-4E59-BC7B-C17BFC144905}.Release|x64.Build.0 = Release|x64
		{A075CE70-8F35-4E59-BC7B-C17BFC144905}.Release|x86.ActiveCfg = Release|Win32
		{A075CE70-8F35-4E59-BC7B-C17BFC144905}.Release|x86.Build.0 = Release|Win32
		{A24895D3-FBFB-4EF4-8E12-A066FC3F69E4}.Debug|x64.ActiveCfg = Debug|x64
		{A24895D3-FBFB-4EF4-8E12-A066FC3F69E4}.Debug|x64.Build.0 = Debug|x64
		{A24895D3-FBFB-4EF4-8E12-A066FC3F69E4}.Debug|x86.ActiveCfg = Debug|Win32
		{A24895D3-FBFB-4EF4-8E12-A066FC3F69E4}.Debug|x86.Build.0 = Debug|Win32
		{A24895D3-FBFB-4EF4-8E12-A066FC3F69E4}.Release|x64.ActiveCfg = Release|x64
		{A24895D3-FBFB-4EF4-8E12-A066FC3F69E4}.Release|x64.Build.0 = Release|x64
		{A24895D3-FBFB-4EF4-8E12-A066FC3F69E4}.Release|x86.ActiveCfg = Release|Win32
		{A24895D3-FBFB-4EF4-8E12-A066FC3F69E4}.Release|x86.Build.0 = Release|Win32
		{972E72CC-6B16-495B-9B07-C063F25B99F4}.Debug|x64.ActiveCfg = Debug|x64
		{972E72CC-6B16-495B-9B07-C063F25B99F4}.Debug|x64.Build.0 = Debug|x64
		{972E72CC-6B16-495B-9B07-C063F25B99F4}.Debug|x86.ActiveCfg = Debug|Win32
		{972E72CC-6B16-495B-9B07-C063F25B99F4}.Debug|x86.Build.0 = Debug|Win32
		{972E72CC-6B16-495B-9B07-C063F25B99F4}.Release|x64.ActiveCfg = Release|x64
		{972E72CC-6B16-495B-9B07-C063F25B99F4}.Release|x64.Build.0 = Release|x64
		{972E72CC-6B16-495B-9B07-C063F25B99F4}.Release|x86.ActiveCfg = Release|Win32
		{972E72CC-6B16-495B-9B07-C063F25B99F4}.Release|x86.Build.0 = Release|Win32
		{F5D1DA2E-6D67-4DB8-813C-88FBE213B8A4}.Debug|x64.ActiveCfg = Debug|x64
		{F5D1DA2E-6D67-4DB8-813C-88FBE213B8A4}.Debug|x64.Build.0 = Debug|x64
		{F5D1DA2E-6D67-4DB8-813C-88FBE213B8A4}.Debug|x86.ActiveCfg = Debug|Win32
		{F5D1DA2E-6D67-4DB8-813C-88FBE213B8A4}.Debug|x86.Build.0 = Debug|Win32
		{F5D1DA2E-6D67-4DB8-813C-88FBE213B8A4}.Release|x64.ActiveCfg = Release|x64
		{F5D1DA2E-6D67-4DB8-813C-88FBE213B8A4}.Release|x64.Build.0 = Release|x64
		{F5D1DA2E-6D67-4DB8-813C-88FBE213B8A4}.Release|x86.ActiveCfg = Release|Win32
		{F5D1DA2E-6D67-4DB8-813C-88FBE213B8A4}.Release|x86.Build.0 = Release|Win32
		{506F244D-60E2-4867-B272-5646BD1BB8A7}.Debug|x64.ActiveCfg = Debug|x64
		{506F244D-60E2-4867-B272-5646BD1BB8A7}.Debug|x64.Build.0 = Debug|x64
		{506F244D-60E2-4867-B272-5646BD1BB8A7}.Debug|x86.ActiveCfg = Debug|Win32
		{506F244D-60E2-4867-B272-5646BD1BB8A7}.Debug|x86.Build.0 = Debug|Win32
		{506F244D-60E2-4867-B272-5646BD1BB8A7}.Release|x64.ActiveCfg = Release|x64
		{506F244D-60E2-4867-B272-5646BD1BB8A7}.Release|x64.Build.0 = Release|x64
		{506F244D-60E2-4867-B272-5646BD1BB8A7}.Release|x86.ActiveCfg = Release|Win32
		{506F244D-60E2-4867-B272-5646BD1BB8A7}.Release|x86.Build.0 = Release|Win32
		{4C0DCF7A-9C18-4542-920D-3271FEE54A8E}.Debug|x64.ActiveCfg = Debug|x64
		{4C0DCF7A-9C18-4542-920D-3271FEE54A8E}.Debug|x64.Build.0 = Debug|x64
		{4C0DCF7A-9C18-4542-920D-3271FEE54A8E}.Debug|x86.ActiveCfg = Debug|Win32
		{4C0DCF7A-9C18-4542-920D-3271FEE54A8E}.Debug|x86.Build.0 = Debug|Win32
		{4C0DCF7A-9C18-4542-920D-3271FEE54A8E}.Release|x64.ActiveCfg = Release|x64
		{4C0DCF7A-9C18-4542-920D-3271FEE54A8E}.Release|x64.Build.0 = Release|x64
		{4C0DCF7A-9C18-4542-920D-3271FEE54A8E}.Release|x86.ActiveCfg = Release|Win32
		{4C0DCF7A-9C18-4542-920D-3271FEE54A8E}.Release|x86.Build.0 = Release|Win32
	EndGlobalSection
	GlobalSection(SolutionProperties) = preSolution
		HideSolutionNode = FALSE
	EndGlobalSection
EndGlobal
